{
  "name": "proxy-es",
  "version": "1.0.0",
  "lockfileVersion": 1,
  "requires": true,
  "dependencies": {
    "abbrev": {
      "version": "1.1.1",
      "resolved": "https://registry.npmjs.org/abbrev/-/abbrev-1.1.1.tgz",
      "integrity": "sha512-nne9/IiQ/hzIhY6pdDnbBtz7DjPTKrY00P/zvPSm5pOFkl6xuGrGnXn/VtTNNfNtAfZ9/1RtehkszU9qcTii0Q=="
    },
    "aws4": {
      "version": "1.8.0",
      "resolved": "https://registry.npmjs.org/aws4/-/aws4-1.8.0.tgz",
      "integrity": "sha512-ReZxvNHIOv88FlT7rxcXIIC0fPt4KZqZbOlivyWtXLt8ESx84zd3kMC6iK5jVeS2qt+g7ftS7ye4fi06X5rtRQ=="
    },
    "axios": {
      "version": "0.17.1",
      "resolved": "https://registry.npmjs.org/axios/-/axios-0.17.1.tgz",
      "integrity": "sha1-LY4+XQvb1zJ/kbyBT1xXZg+Bgk0=",
      "requires": {
        "follow-redirects": "^1.2.5",
        "is-buffer": "^1.1.5"
      }
    },
    "bluebird": {
      "version": "3.5.5",
      "resolved": "https://registry.npmjs.org/bluebird/-/bluebird-3.5.5.tgz",
      "integrity": "sha512-5am6HnnfN+urzt4yfg7IgTbotDjIT/u8AJpEt0sIU9FtXfVeezXAPKswrG+xKUCOYAINpSdgZVDU6QFh+cuH3w=="
    },
    "bodybuilder": {
      "version": "2.2.17",
      "resolved": "https://registry.npmjs.org/bodybuilder/-/bodybuilder-2.2.17.tgz",
      "integrity": "sha512-k6em1H73zJS7LtCdcYB/88U8OIV0Z7eDh6SWBn3r7kZ/tw+hI58cK+6w6mnpCvGUcMrIDd0skf+z2bgLkx/Uug==",
      "requires": {
        "lodash": "^4.17.11"
      }
    },
    "cfn-lambda": {
      "version": "2.1.3",
      "resolved": "https://registry.npmjs.org/cfn-lambda/-/cfn-lambda-2.1.3.tgz",
      "integrity": "sha1-B1nWBSDaEPaqvibEfMmLqtSdMU8=",
      "requires": {
        "archiver": "^0.21.0",
        "async": "^1.5.2",
        "aws-sdk": "2.97.0",
        "jayschema": "0.3.1",
        "nano-argv": "^1.0.2",
        "underscore": "^1.8.3"
      },
      "dependencies": {
        "archiver": {
          "version": "0.21.0",
          "resolved": "https://registry.npmjs.org/archiver/-/archiver-0.21.0.tgz",
          "integrity": "sha1-Ep2gyOrhqb8IoBLYpOIEOh4pCc4=",
          "requires": {
            "archiver-utils": "~0.3.0",
            "async": "~1.5.0",
            "buffer-crc32": "~0.2.1",
            "glob": "~6.0.0",
            "lodash": "~3.10.0",
            "readable-stream": "~2.0.0",
            "tar-stream": "~1.3.1",
            "zip-stream": "~0.8.0"
          }
        },
        "archiver-utils": {
          "version": "0.3.0",
          "resolved": "https://registry.npmjs.org/archiver-utils/-/archiver-utils-0.3.0.tgz",
          "integrity": "sha1-nYU0CJL+nnxsGxtq88M2ks9ZW3A=",
          "requires": {
            "glob": "~6.0.0",
            "lazystream": "~0.1.0",
            "lodash": "~3.10.0",
            "normalize-path": "~2.0.0",
            "readable-stream": "~2.0.0"
          }
        },
        "async": {
          "version": "1.5.2",
          "resolved": "https://registry.npmjs.org/async/-/async-1.5.2.tgz",
          "integrity": "sha1-7GphrlZIDAw8skHJVhjiCJL5Zyo="
        },
        "aws-sdk": {
          "version": "2.97.0",
          "resolved": "https://registry.npmjs.org/aws-sdk/-/aws-sdk-2.97.0.tgz",
          "integrity": "sha1-WxbfHWOMGQ8PRgvO76oEe4qdIg4=",
          "requires": {
            "buffer": "4.9.1",
            "crypto-browserify": "1.0.9",
            "events": "^1.1.1",
            "jmespath": "0.15.0",
            "querystring": "0.2.0",
            "sax": "1.2.1",
            "url": "0.10.3",
            "uuid": "3.0.1",
            "xml2js": "0.4.17",
            "xmlbuilder": "4.2.1"
          }
        },
        "balanced-match": {
          "version": "1.0.0",
          "resolved": "https://registry.npmjs.org/balanced-match/-/balanced-match-1.0.0.tgz",
          "integrity": "sha1-ibTRmasr7kneFk6gK4nORi1xt2c="
        },
        "base64-js": {
          "version": "1.3.0",
          "resolved": "https://registry.npmjs.org/base64-js/-/base64-js-1.3.0.tgz",
          "integrity": "sha512-ccav/yGvoa80BQDljCxsmmQ3Xvx60/UpBIij5QN21W3wBi/hhIC9OoO+KLpu9IJTS9j4DRVJ3aDDF9cMSoa2lw=="
        },
        "bl": {
          "version": "1.2.2",
          "resolved": "https://registry.npmjs.org/bl/-/bl-1.2.2.tgz",
          "integrity": "sha512-e8tQYnZodmebYDWGH7KMRvtzKXaJHx3BbilrgZCfvyLUYdKpK1t5PSPmpkny/SgiTSCnjfLW7v5rlONXVFkQEA==",
          "requires": {
            "readable-stream": "^2.3.5",
            "safe-buffer": "^5.1.1"
          },
          "dependencies": {
            "isarray": {
              "version": "1.0.0",
              "resolved": "https://registry.npmjs.org/isarray/-/isarray-1.0.0.tgz",
              "integrity": "sha1-u5NdSFgsuhaMBoNJV6VKPgcSTxE="
            },
            "process-nextick-args": {
              "version": "2.0.0",
              "resolved": "https://registry.npmjs.org/process-nextick-args/-/process-nextick-args-2.0.0.tgz",
              "integrity": "sha512-MtEC1TqN0EU5nephaJ4rAtThHtC86dNN9qCuEhtshvpVBkAW5ZO7BASN9REnF9eoXGcRub+pFuKEpOHE+HbEMw=="
            },
            "readable-stream": {
              "version": "2.3.6",
              "resolved": "https://registry.npmjs.org/readable-stream/-/readable-stream-2.3.6.tgz",
              "integrity": "sha512-tQtKA9WIAhBF3+VLAseyMqZeBjW0AHJoxOtYqSUZNJxauErmLbVm2FW1y+J/YA9dUrAC39ITejlZWhVIwawkKw==",
              "requires": {
                "core-util-is": "~1.0.0",
                "inherits": "~2.0.3",
                "isarray": "~1.0.0",
                "process-nextick-args": "~2.0.0",
                "safe-buffer": "~5.1.1",
                "string_decoder": "~1.1.1",
                "util-deprecate": "~1.0.1"
              }
            },
            "string_decoder": {
              "version": "1.1.1",
              "resolved": "https://registry.npmjs.org/string_decoder/-/string_decoder-1.1.1.tgz",
              "integrity": "sha512-n/ShnvDi6FHbbVfviro+WojiFzv+s8MPMHBczVePfUpDJLwoLT0ht1l4YwBCbi8pJAveEEdnkHyPyTP/mzRfwg==",
              "requires": {
                "safe-buffer": "~5.1.0"
              }
            }
          }
        },
        "brace-expansion": {
          "version": "1.1.11",
          "resolved": "https://registry.npmjs.org/brace-expansion/-/brace-expansion-1.1.11.tgz",
          "integrity": "sha512-iCuPHDFgrHX7H2vEI/5xpz07zSHB00TpugqhmYtVmMO6518mCuRMoOYFldEBl0g187ufozdaHgWKcYFb61qGiA==",
          "requires": {
            "balanced-match": "^1.0.0",
            "concat-map": "0.0.1"
          }
        },
        "buffer": {
          "version": "4.9.1",
          "resolved": "https://registry.npmjs.org/buffer/-/buffer-4.9.1.tgz",
          "integrity": "sha1-bRu2AbB6TvztlwlBMgkwJ8lbwpg=",
          "requires": {
            "base64-js": "^1.0.2",
            "ieee754": "^1.1.4",
            "isarray": "^1.0.0"
          },
          "dependencies": {
            "isarray": {
              "version": "1.0.0",
              "resolved": "https://registry.npmjs.org/isarray/-/isarray-1.0.0.tgz",
              "integrity": "sha1-u5NdSFgsuhaMBoNJV6VKPgcSTxE="
            }
          }
        },
        "buffer-crc32": {
          "version": "0.2.13",
          "resolved": "https://registry.npmjs.org/buffer-crc32/-/buffer-crc32-0.2.13.tgz",
          "integrity": "sha1-DTM+PwDqxQqhRUq9MO+MKl2ackI="
        },
        "compress-commons": {
          "version": "0.4.2",
          "resolved": "https://registry.npmjs.org/compress-commons/-/compress-commons-0.4.2.tgz",
          "integrity": "sha1-GghHSJ8NcT0N12NDwMLQVdyc2JI=",
          "requires": {
            "buffer-crc32": "~0.2.1",
            "crc32-stream": "~0.4.0",
            "node-int64": "~0.4.0",
            "normalize-path": "~2.0.0",
            "readable-stream": "~2.0.0"
          }
        },
        "concat-map": {
          "version": "0.0.1",
          "resolved": "https://registry.npmjs.org/concat-map/-/concat-map-0.0.1.tgz",
          "integrity": "sha1-2Klr13/Wjfd5OnMDajug1UBdR3s="
        },
        "core-util-is": {
          "version": "1.0.2",
          "resolved": "https://registry.npmjs.org/core-util-is/-/core-util-is-1.0.2.tgz",
          "integrity": "sha1-tf1UIgqivFq1eqtxQMlAdUUDwac="
        },
        "crc32-stream": {
          "version": "0.4.0",
          "resolved": "https://registry.npmjs.org/crc32-stream/-/crc32-stream-0.4.0.tgz",
          "integrity": "sha1-tU1Mbu/TW1PmU9BiswbtxjFq4m0=",
          "requires": {
            "buffer-crc32": "~0.2.1",
            "readable-stream": "~2.0.0"
          }
        },
        "crypto-browserify": {
          "version": "1.0.9",
          "resolved": "https://registry.npmjs.org/crypto-browserify/-/crypto-browserify-1.0.9.tgz",
          "integrity": "sha1-zFRJaF37hesRyYKKzHy4erW7/MA="
        },
        "end-of-stream": {
          "version": "1.4.1",
          "resolved": "https://registry.npmjs.org/end-of-stream/-/end-of-stream-1.4.1.tgz",
          "integrity": "sha512-1MkrZNvWTKCaigbn+W15elq2BB/L22nqrSY5DKlo3X6+vclJm8Bb5djXJBmEX6fS3+zCh/F4VBK5Z2KxJt4s2Q==",
          "requires": {
            "once": "^1.4.0"
          }
        },
        "events": {
          "version": "1.1.1",
          "resolved": "https://registry.npmjs.org/events/-/events-1.1.1.tgz",
          "integrity": "sha1-nr23Y1rQmccNzEwqH1AEKI6L2SQ="
        },
        "glob": {
          "version": "6.0.4",
          "resolved": "https://registry.npmjs.org/glob/-/glob-6.0.4.tgz",
          "integrity": "sha1-DwiGD2oVUSey+t1PnOJLGqtuTSI=",
          "requires": {
            "inflight": "^1.0.4",
            "inherits": "2",
            "minimatch": "2 || 3",
            "once": "^1.3.0",
            "path-is-absolute": "^1.0.0"
          }
        },
        "ieee754": {
          "version": "1.1.11",
          "resolved": "https://registry.npmjs.org/ieee754/-/ieee754-1.1.11.tgz",
          "integrity": "sha512-VhDzCKN7K8ufStx/CLj5/PDTMgph+qwN5Pkd5i0sGnVwk56zJ0lkT8Qzi1xqWLS0Wp29DgDtNeS7v8/wMoZeHg=="
        },
        "inflight": {
          "version": "1.0.6",
          "resolved": "https://registry.npmjs.org/inflight/-/inflight-1.0.6.tgz",
          "integrity": "sha1-Sb1jMdfQLQwJvJEKEHW6gWW1bfk=",
          "requires": {
            "once": "^1.3.0",
            "wrappy": "1"
          }
        },
        "inherits": {
          "version": "2.0.3",
          "resolved": "https://registry.npmjs.org/inherits/-/inherits-2.0.3.tgz",
          "integrity": "sha1-Yzwsg+PaQqUC9SRmAiSA9CCCYd4="
        },
        "isarray": {
          "version": "0.0.1",
          "resolved": "https://registry.npmjs.org/isarray/-/isarray-0.0.1.tgz",
          "integrity": "sha1-ihis/Kmo9Bd+Cav8YDiTmwXR7t8="
        },
        "jayschema": {
          "version": "0.3.1",
          "resolved": "https://registry.npmjs.org/jayschema/-/jayschema-0.3.1.tgz",
          "integrity": "sha1-dvR2n5sXLvfV3N5IdbSctzYXm1g=",
          "requires": {
            "when": "~3.4.6"
          }
        },
        "jmespath": {
          "version": "0.15.0",
          "resolved": "https://registry.npmjs.org/jmespath/-/jmespath-0.15.0.tgz",
          "integrity": "sha1-o/Iiqarp+Wb10nx5ZRDigJF2Qhc="
        },
        "lazystream": {
          "version": "0.1.0",
          "resolved": "https://registry.npmjs.org/lazystream/-/lazystream-0.1.0.tgz",
          "integrity": "sha1-GyXWPHcqTCDwpe0KnXf0hLbhaSA=",
          "requires": {
            "readable-stream": "~1.0.2"
          },
          "dependencies": {
            "readable-stream": {
              "version": "1.0.34",
              "resolved": "https://registry.npmjs.org/readable-stream/-/readable-stream-1.0.34.tgz",
              "integrity": "sha1-Elgg40vIQtLyqq+v5MKRbuMsFXw=",
              "requires": {
                "core-util-is": "~1.0.0",
                "inherits": "~2.0.1",
                "isarray": "0.0.1",
                "string_decoder": "~0.10.x"
              }
            }
          }
        },
        "lodash": {
          "version": "3.10.1",
          "resolved": "https://registry.npmjs.org/lodash/-/lodash-3.10.1.tgz",
          "integrity": "sha1-W/Rejkm6QYnhfUgnid/RW9FAt7Y="
        },
        "minimatch": {
          "version": "3.0.4",
          "resolved": "https://registry.npmjs.org/minimatch/-/minimatch-3.0.4.tgz",
          "integrity": "sha512-yJHVQEhyqPLUTgt9B83PXu6W3rx4MvvHvSUvToogpwoGDOUQ+yDrR0HRot+yOCdCO7u4hX3pWft6kWBBcqh0UA==",
          "requires": {
            "brace-expansion": "^1.1.7"
          }
        },
        "nano-argv": {
          "version": "1.0.2",
          "resolved": "https://registry.npmjs.org/nano-argv/-/nano-argv-1.0.2.tgz",
          "integrity": "sha1-oLfzMRBW6u/NbYJTbC3TEPiM9ig="
        },
        "node-int64": {
          "version": "0.4.0",
          "resolved": "https://registry.npmjs.org/node-int64/-/node-int64-0.4.0.tgz",
          "integrity": "sha1-h6kGXNs1XTGC2PlM4RGIuCXGijs="
        },
        "normalize-path": {
          "version": "2.0.1",
          "resolved": "https://registry.npmjs.org/normalize-path/-/normalize-path-2.0.1.tgz",
          "integrity": "sha1-R4hqwWYnYNQmG32XnSQXCdPOP3o="
        },
        "once": {
          "version": "1.4.0",
          "resolved": "https://registry.npmjs.org/once/-/once-1.4.0.tgz",
          "integrity": "sha1-WDsap3WWHUsROsF9nFC6753Xa9E=",
          "requires": {
            "wrappy": "1"
          }
        },
        "path-is-absolute": {
          "version": "1.0.1",
          "resolved": "https://registry.npmjs.org/path-is-absolute/-/path-is-absolute-1.0.1.tgz",
          "integrity": "sha1-F0uSaHNVNP+8es5r9TpanhtcX18="
        },
        "process-nextick-args": {
          "version": "1.0.7",
          "resolved": "https://registry.npmjs.org/process-nextick-args/-/process-nextick-args-1.0.7.tgz",
          "integrity": "sha1-FQ4gt1ZZCtP5EJPyWk8q2L/zC6M="
        },
        "punycode": {
          "version": "1.3.2",
          "resolved": "https://registry.npmjs.org/punycode/-/punycode-1.3.2.tgz",
          "integrity": "sha1-llOgNvt8HuQjQvIyXM7v6jkmxI0="
        },
        "querystring": {
          "version": "0.2.0",
          "resolved": "https://registry.npmjs.org/querystring/-/querystring-0.2.0.tgz",
          "integrity": "sha1-sgmEkgO7Jd+CDadW50cAWHhSFiA="
        },
        "readable-stream": {
          "version": "2.0.6",
          "resolved": "https://registry.npmjs.org/readable-stream/-/readable-stream-2.0.6.tgz",
          "integrity": "sha1-j5A0HmilPMySh4jaz80Rs265t44=",
          "requires": {
            "core-util-is": "~1.0.0",
            "inherits": "~2.0.1",
            "isarray": "~1.0.0",
            "process-nextick-args": "~1.0.6",
            "string_decoder": "~0.10.x",
            "util-deprecate": "~1.0.1"
          },
          "dependencies": {
            "isarray": {
              "version": "1.0.0",
              "resolved": "https://registry.npmjs.org/isarray/-/isarray-1.0.0.tgz",
              "integrity": "sha1-u5NdSFgsuhaMBoNJV6VKPgcSTxE="
            }
          }
        },
        "safe-buffer": {
          "version": "5.1.2",
          "resolved": "https://registry.npmjs.org/safe-buffer/-/safe-buffer-5.1.2.tgz",
          "integrity": "sha512-Gd2UZBJDkXlY7GbJxfsE8/nvKkUEU1G38c1siN6QP6a9PT9MmHB8GnpscSmMJSoF8LOIrt8ud/wPtojys4G6+g=="
        },
        "sax": {
          "version": "1.2.1",
          "resolved": "https://registry.npmjs.org/sax/-/sax-1.2.1.tgz",
          "integrity": "sha1-e45lYZCyKOgaZq6nSEgNgozS03o="
        },
        "string_decoder": {
          "version": "0.10.31",
          "resolved": "https://registry.npmjs.org/string_decoder/-/string_decoder-0.10.31.tgz",
          "integrity": "sha1-YuIDvEF2bGwoyfyEMB2rHFMQ+pQ="
        },
        "tar-stream": {
          "version": "1.3.2",
          "resolved": "https://registry.npmjs.org/tar-stream/-/tar-stream-1.3.2.tgz",
          "integrity": "sha1-ck0atIAcmzFJzep2X+jJDqcfZgY=",
          "requires": {
            "bl": "^1.0.0",
            "end-of-stream": "^1.0.0",
            "readable-stream": "^2.0.0",
            "xtend": "^4.0.0"
          }
        },
        "underscore": {
          "version": "1.9.0",
          "resolved": "https://registry.npmjs.org/underscore/-/underscore-1.9.0.tgz",
          "integrity": "sha512-4IV1DSSxC1QK48j9ONFK1MoIAKKkbE8i7u55w2R6IqBqbT7A/iG7aZBCR2Bi8piF0Uz+i/MG1aeqLwl/5vqF+A=="
        },
        "url": {
          "version": "0.10.3",
          "resolved": "https://registry.npmjs.org/url/-/url-0.10.3.tgz",
          "integrity": "sha1-Ah5NnHcF8hu/N9A861h2dAJ3TGQ=",
          "requires": {
            "punycode": "1.3.2",
            "querystring": "0.2.0"
          }
        },
        "util-deprecate": {
          "version": "1.0.2",
          "resolved": "https://registry.npmjs.org/util-deprecate/-/util-deprecate-1.0.2.tgz",
          "integrity": "sha1-RQ1Nyfpw3nMnYvvS1KKJgUGaDM8="
        },
        "uuid": {
          "version": "3.0.1",
          "resolved": "https://registry.npmjs.org/uuid/-/uuid-3.0.1.tgz",
          "integrity": "sha1-ZUS7ot/ajBzxfmKaOjBeK7H+5sE="
        },
        "when": {
          "version": "3.4.6",
          "resolved": "https://registry.npmjs.org/when/-/when-3.4.6.tgz",
          "integrity": "sha1-j7y3zBQ50sOmjEMfFRbm3M6a0ow="
        },
        "wrappy": {
          "version": "1.0.2",
          "resolved": "https://registry.npmjs.org/wrappy/-/wrappy-1.0.2.tgz",
          "integrity": "sha1-tSQ9jz7BqjXxNkYFvA0QNuMKtp8="
        },
        "xml2js": {
          "version": "0.4.17",
          "resolved": "https://registry.npmjs.org/xml2js/-/xml2js-0.4.17.tgz",
          "integrity": "sha1-F76T6q4/O3eTWceVtBlwWogX6Gg=",
          "requires": {
            "sax": ">=0.6.0",
            "xmlbuilder": "^4.1.0"
          }
        },
        "xmlbuilder": {
          "version": "4.2.1",
          "resolved": "https://registry.npmjs.org/xmlbuilder/-/xmlbuilder-4.2.1.tgz",
          "integrity": "sha1-qlijBBoGb5DqoWwvU4n/GfP0YaU=",
          "requires": {
            "lodash": "^4.0.0"
          },
          "dependencies": {
            "lodash": {
              "version": "4.17.10",
              "resolved": "https://registry.npmjs.org/lodash/-/lodash-4.17.10.tgz",
              "integrity": "sha512-UejweD1pDoXu+AD825lWwp4ZGtSwgnpZxb3JDViD7StjQz+Nb/6l093lx4OQ0foGWNRoc19mWy7BzL+UAK2iVg=="
            }
          }
        },
        "xtend": {
          "version": "4.0.1",
          "resolved": "https://registry.npmjs.org/xtend/-/xtend-4.0.1.tgz",
          "integrity": "sha1-pcbVMr5lbiPbgg77lDofBJmNY68="
        },
        "zip-stream": {
          "version": "0.8.0",
          "resolved": "https://registry.npmjs.org/zip-stream/-/zip-stream-0.8.0.tgz",
          "integrity": "sha1-I2sv4lgjy09I6DNvW/p0OqWunb0=",
          "requires": {
            "archiver-utils": "~0.3.0",
            "compress-commons": "~0.4.0",
            "lodash": "~3.10.1",
            "readable-stream": "~2.0.0"
          }
        }
      }
    },
    "debug": {
      "version": "3.2.6",
      "resolved": "https://registry.npmjs.org/debug/-/debug-3.2.6.tgz",
      "integrity": "sha512-mel+jf7nrtEl5Pn1Qx46zARXKDpBbvzezse7p7LqINmdoIk8PYP5SySaxEmYv6TZ0JyEKA1hsCId6DIhgITtWQ==",
      "requires": {
        "ms": "^2.1.1"
      }
    },
    "follow-redirects": {
      "version": "1.7.0",
      "resolved": "https://registry.npmjs.org/follow-redirects/-/follow-redirects-1.7.0.tgz",
      "integrity": "sha512-m/pZQy4Gj287eNy94nivy5wchN3Kp+Q5WgUPNy5lJSZ3sgkVKSYV/ZChMAQVIgx1SqfZ2zBZtPA2YlXIWxxJOQ==",
      "requires": {
        "debug": "^3.2.6"
      }
    },
    "is-buffer": {
      "version": "1.1.6",
      "resolved": "https://registry.npmjs.org/is-buffer/-/is-buffer-1.1.6.tgz",
      "integrity": "sha512-NcdALwpXkTm5Zvvbk7owOUSvVvBKDgKP5/ewfXEznmQFfs4ZRmanOeKBTjRVjka3QFoN6XJ+9F3USqfHqTaU5w=="
    },
    "lodash": {
      "version": "4.17.15",
      "resolved": "https://registry.npmjs.org/lodash/-/lodash-4.17.15.tgz",
      "integrity": "sha512-8xOcRHvCjnocdS5cpwXQXVzmmh5e5+saE2QGoeQmbKmRS6J3VQppPOIt0MnmE+4xlZoumy0GPG0D0MVIQbNA1A=="
    },
    "markdown": {
      "version": "0.5.0",
      "resolved": "https://registry.npmjs.org/markdown/-/markdown-0.5.0.tgz",
      "integrity": "sha1-KCBbVlqK51kt4gdGPWY33BgnIrI=",
      "requires": {
        "nopt": "~2.1.1"
      }
    },
    "ms": {
      "version": "2.1.2",
      "resolved": "https://registry.npmjs.org/ms/-/ms-2.1.2.tgz",
      "integrity": "sha512-sGkPx+VjMtmA6MX27oA4FBFELFCZZ4S4XqeGOXCv68tT+jb3vk/RyaKWP0PTKyWtmLSM0b+adUTEvbs1PEaH2w=="
    },
    "nopt": {
      "version": "2.1.2",
      "resolved": "https://registry.npmjs.org/nopt/-/nopt-2.1.2.tgz",
      "integrity": "sha1-bMzZd7gBMqB3MdbozljCyDA8+a8=",
      "requires": {
        "abbrev": "1"
      }
    }
  }
}
